{
  "requires": true,
  "lockfileVersion": 1,
  "dependencies": {
    "tabby-trzsz": {
      "version": "1.0.2",
      "resolved": "https://registry.npmjs.org/tabby-trzsz/-/tabby-trzsz-1.0.2.tgz",
      "integrity": "sha512-0c+M0d5+nUav1gu6KXG7PDFoHonidv0N/6+mpbltzsR6tu2QXLLKVRi8AiqAdZ6UQa2lLnNDTrZBfcNMNPLrOg==",
      "requires": {
        "trzsz": "^1.1.1"
      },
      "dependencies": {
        "trzsz": {
          "version": "1.1.1",
          "resolved": "https://registry.npmjs.org/trzsz/-/trzsz-1.1.1.tgz",
          "integrity": "sha512-1y7Qai/dhRDWcetuD1RDN8q8S9LhAc0FCsaQdljcLhiRfh8A4djjcMoxYVS+1v8kHu0xGjCS3a8qXIN2vqFY1w=="
        }
      }
    },
    "terminus-title-control": {
      "version": "0.2.0-beta.1",
      "resolved": "https://registry.npmjs.org/terminus-title-control/-/terminus-title-control-0.2.0-beta.1.tgz",
      "integrity": "sha512-kNDbgwcA1YORS1Yrc0IseDr2SOfhTbxasbCDm7kekZL9cow1ozpG9eZvJ1eLtipX7fTEchoEVCnWiD2iEwcbsg=="
    },
    "trzsz": {
      "version": "1.1.0",
      "resolved": "https://registry.npmjs.org/trzsz/-/trzsz-1.1.0.tgz",
      "integrity": "sha512-KKlAAHyEfp+hGRC7ss4bZBGayV50QmfUuati1COSx4j6XZKmlUfl+SFJrrasCUsjlAiu9ALO0fUuqBshdm2zUA=="
    }
  }
}
