{
  "requires": true,
  "lockfileVersion": 1,
  "dependencies": {
    "tabby-trzsz": {
      "version": "1.0.0",
      "resolved": "https://registry.npmjs.org/tabby-trzsz/-/tabby-trzsz-1.0.0.tgz",
      "integrity": "sha512-E483PHLc9M2Kh9GvBOWzt8CknTMwCX7PndUSaNdI/C7sAj5LygOUFkq3gyTkf1N4T8dcTiIutWUQMl73Pvclug==",
      "requires": {
        "trzsz": "^1.0.0"
      }
    },
    "terminus-title-control": {
      "version": "0.2.0-beta.1",
      "resolved": "https://registry.npmjs.org/terminus-title-control/-/terminus-title-control-0.2.0-beta.1.tgz",
      "integrity": "sha512-kNDbgwcA1YORS1Yrc0IseDr2SOfhTbxasbCDm7kekZL9cow1ozpG9eZvJ1eLtipX7fTEchoEVCnWiD2iEwcbsg=="
    },
    "trzsz": {
      "version": "1.1.0",
      "resolved": "https://registry.npmjs.org/trzsz/-/trzsz-1.1.0.tgz",
      "integrity": "sha512-KKlAAHyEfp+hGRC7ss4bZBGayV50QmfUuati1COSx4j6XZKmlUfl+SFJrrasCUsjlAiu9ALO0fUuqBshdm2zUA=="
    }
  }
}
