{
  "requires": true,
  "lockfileVersion": 1,
  "dependencies": {
    "tabby-highlight": {
      "version": "2.2.0",
      "resolved": "https://registry.npmjs.org/tabby-highlight/-/tabby-highlight-2.2.0.tgz",
      "integrity": "sha512-kMRRa16BQ0t+caQ+itkFKWAM9gQ7FbfyVhAlo34UAMBXNLwTxjauMWj3s2MotV+o3O7EL+t7daymZKL6la5cWQ=="
    },
    "tabby-save-output": {
      "version": "3.1.0",
      "resolved": "https://registry.npmjs.org/tabby-save-output/-/tabby-save-output-3.1.0.tgz",
      "integrity": "sha512-4mGxpYSaeBzU8TkOrZudPmT3/YkT9fGXCesBp2XO9iql+2EELzkPLJUntlGYSBH0RQVRDYnl+IF8F65WPaaSxQ=="
    },
    "tabby-search-in-browser": {
      "version": "0.0.1",
      "resolved": "https://registry.npmjs.org/tabby-search-in-browser/-/tabby-search-in-browser-0.0.1.tgz",
      "integrity": "sha512-jb5UINTXBN6UR0xi+LWs7KdnE5qRV++ogy9lmkIJ9dDbBbVe7d6HKxneZcQVjQLjG+UYJNl/nElh8DPzFPMTSg=="
    },
    "tabby-trzsz": {
      "version": "1.0.4",
      "resolved": "https://registry.npmjs.org/tabby-trzsz/-/tabby-trzsz-1.0.4.tgz",
      "integrity": "sha512-Cv6Ito3iPK4DXo1V1DgfsC7S63Ss1kRf+NdvXiXGfBxNo/dYLJ4XkDOK3oLCPtJGVmVP/vFxNVxmNSzkfksesw==",
      "requires": {
        "trzsz": "^1.1.5"
      },
      "dependencies": {
        "trzsz": {
          "version": "1.1.5",
          "resolved": "https://registry.npmjs.org/trzsz/-/trzsz-1.1.5.tgz",
          "integrity": "sha512-yjL25MBVp7TPnUJZ3aqMAmsUo0fECm96BYllLac0CbsgYT/JpKIi9Fv7wJmBfBwYGn2xf7b/YRVrCmkhed3Nmw=="
        }
      }
    },
    "terminus-title-control": {
      "version": "0.2.0-beta.1",
      "resolved": "https://registry.npmjs.org/terminus-title-control/-/terminus-title-control-0.2.0-beta.1.tgz",
      "integrity": "sha512-kNDbgwcA1YORS1Yrc0IseDr2SOfhTbxasbCDm7kekZL9cow1ozpG9eZvJ1eLtipX7fTEchoEVCnWiD2iEwcbsg=="
    },
    "trzsz": {
      "version": "1.1.0",
      "resolved": "https://registry.npmjs.org/trzsz/-/trzsz-1.1.0.tgz",
      "integrity": "sha512-KKlAAHyEfp+hGRC7ss4bZBGayV50QmfUuati1COSx4j6XZKmlUfl+SFJrrasCUsjlAiu9ALO0fUuqBshdm2zUA=="
    }
  }
}
